#MicroXplorer Configuration settings - do not modify
ADC1.BoostMode=DISABLE
ADC1.Channel-0\#ChannelRegularConversion=ADC_CHANNEL_5
ADC1.Channel-1\#ChannelRegularConversion=ADC_CHANNEL_9
ADC1.Channel-10\#ChannelRegularConversion=ADC_CHANNEL_17
ADC1.Channel-11\#ChannelRegularConversion=ADC_CHANNEL_16
ADC1.Channel-2\#ChannelRegularConversion=ADC_CHANNEL_8
ADC1.Channel-3\#ChannelRegularConversion=ADC_CHANNEL_4
ADC1.Channel-4\#ChannelRegularConversion=ADC_CHANNEL_7
ADC1.Channel-5\#ChannelRegularConversion=ADC_CHANNEL_3
ADC1.Channel-6\#ChannelRegularConversion=ADC_CHANNEL_19
ADC1.Channel-7\#ChannelRegularConversion=ADC_CHANNEL_18
ADC1.Channel-8\#ChannelRegularConversion=ADC_CHANNEL_15
ADC1.Channel-9\#ChannelRegularConversion=ADC_CHANNEL_14
ADC1.ClockPrescaler=ADC_CLOCK_ASYNC_DIV2
ADC1.ContinuousConvMode=ENABLE
ADC1.ConversionDataManagement=ADC_CONVERSIONDATA_DMA_CIRCULAR
ADC1.DMAContinuousRequests=ENABLE
ADC1.DiscontinuousConvMode=DISABLE
ADC1.EOCSelection=ADC_EOC_SINGLE_CONV
ADC1.EnableAnalogWatchDog1=false
ADC1.EnableAnalogWatchDog2=false
ADC1.EnableAnalogWatchDog3=false
ADC1.EnableInjectedConversion=DISABLE
ADC1.EnableRegularConversion=ENABLE
ADC1.ExternalTrigConv=ADC_SOFTWARE_START
ADC1.ExternalTrigConvEdge=ADC_EXTERNALTRIGCONVEDGE_NONE
ADC1.IPParameters=Rank-0\#ChannelRegularConversion,Channel-0\#ChannelRegularConversion,SamplingTime-0\#ChannelRegularConversion,OffsetNumber-0\#ChannelRegularConversion,NbrOfConversionFlag,Rank-1\#ChannelRegularConversion,Channel-1\#ChannelRegularConversion,SamplingTime-1\#ChannelRegularConversion,OffsetNumber-1\#ChannelRegularConversion,Rank-2\#ChannelRegularConversion,Channel-2\#ChannelRegularConversion,SamplingTime-2\#ChannelRegularConversion,OffsetNumber-2\#ChannelRegularConversion,Rank-3\#ChannelRegularConversion,Channel-3\#ChannelRegularConversion,SamplingTime-3\#ChannelRegularConversion,OffsetNumber-3\#ChannelRegularConversion,Rank-4\#ChannelRegularConversion,Channel-4\#ChannelRegularConversion,SamplingTime-4\#ChannelRegularConversion,OffsetNumber-4\#ChannelRegularConversion,NbrOfConversion,DMAContinuousRequests,ContinuousConvMode,ClockPrescaler,Resolution,ScanConvMode,DiscontinuousConvMode,EOCSelection,Overrun,BoostMode,ConversionDataManagement,LowPowerAutoWait,EnableRegularConversion,LeftBitShift,OversamplingMode,ExternalTrigConv,ExternalTrigConvEdge,EnableInjectedConversion,EnableAnalogWatchDog1,EnableAnalogWatchDog2,EnableAnalogWatchDog3,Rank-5\#ChannelRegularConversion,Channel-5\#ChannelRegularConversion,SamplingTime-5\#ChannelRegularConversion,OffsetNumber-5\#ChannelRegularConversion,Rank-6\#ChannelRegularConversion,Channel-6\#ChannelRegularConversion,SamplingTime-6\#ChannelRegularConversion,OffsetNumber-6\#ChannelRegularConversion,Rank-7\#ChannelRegularConversion,Channel-7\#ChannelRegularConversion,SamplingTime-7\#ChannelRegularConversion,OffsetNumber-7\#ChannelRegularConversion,Rank-8\#ChannelRegularConversion,Channel-8\#ChannelRegularConversion,SamplingTime-8\#ChannelRegularConversion,OffsetNumber-8\#ChannelRegularConversion,Rank-9\#ChannelRegularConversion,Channel-9\#ChannelRegularConversion,SamplingTime-9\#ChannelRegularConversion,OffsetNumber-9\#ChannelRegularConversion,Rank-10\#ChannelRegularConversion,Channel-10\#ChannelRegularConversion,SamplingTime-10\#ChannelRegularConversion,OffsetNumber-10\#ChannelRegularConversion,Rank-11\#ChannelRegularConversion,Channel-11\#ChannelRegularConversion,SamplingTime-11\#ChannelRegularConversion,OffsetNumber-11\#ChannelRegularConversion,master
ADC1.LeftBitShift=ADC_LEFTBITSHIFT_NONE
ADC1.LowPowerAutoWait=DISABLE
ADC1.NbrOfConversion=12
ADC1.NbrOfConversionFlag=1
ADC1.OffsetNumber-0\#ChannelRegularConversion=ADC_OFFSET_NONE
ADC1.OffsetNumber-1\#ChannelRegularConversion=ADC_OFFSET_NONE
ADC1.OffsetNumber-10\#ChannelRegularConversion=ADC_OFFSET_NONE
ADC1.OffsetNumber-11\#ChannelRegularConversion=ADC_OFFSET_NONE
ADC1.OffsetNumber-2\#ChannelRegularConversion=ADC_OFFSET_NONE
ADC1.OffsetNumber-3\#ChannelRegularConversion=ADC_OFFSET_NONE
ADC1.OffsetNumber-4\#ChannelRegularConversion=ADC_OFFSET_NONE
ADC1.OffsetNumber-5\#ChannelRegularConversion=ADC_OFFSET_NONE
ADC1.OffsetNumber-6\#ChannelRegularConversion=ADC_OFFSET_NONE
ADC1.OffsetNumber-7\#ChannelRegularConversion=ADC_OFFSET_NONE
ADC1.OffsetNumber-8\#ChannelRegularConversion=ADC_OFFSET_NONE
ADC1.OffsetNumber-9\#ChannelRegularConversion=ADC_OFFSET_NONE
ADC1.Overrun=ADC_OVR_DATA_PRESERVED
ADC1.OversamplingMode=DISABLE
ADC1.Rank-0\#ChannelRegularConversion=1
ADC1.Rank-1\#ChannelRegularConversion=2
ADC1.Rank-10\#ChannelRegularConversion=11
ADC1.Rank-11\#ChannelRegularConversion=12
ADC1.Rank-2\#ChannelRegularConversion=3
ADC1.Rank-3\#ChannelRegularConversion=4
ADC1.Rank-4\#ChannelRegularConversion=5
ADC1.Rank-5\#ChannelRegularConversion=6
ADC1.Rank-6\#ChannelRegularConversion=7
ADC1.Rank-7\#ChannelRegularConversion=8
ADC1.Rank-8\#ChannelRegularConversion=9
ADC1.Rank-9\#ChannelRegularConversion=10
ADC1.Resolution=ADC_RESOLUTION_16B
ADC1.SamplingTime-0\#ChannelRegularConversion=ADC_SAMPLETIME_32CYCLES_5
ADC1.SamplingTime-1\#ChannelRegularConversion=ADC_SAMPLETIME_32CYCLES_5
ADC1.SamplingTime-10\#ChannelRegularConversion=ADC_SAMPLETIME_32CYCLES_5
ADC1.SamplingTime-11\#ChannelRegularConversion=ADC_SAMPLETIME_32CYCLES_5
ADC1.SamplingTime-2\#ChannelRegularConversion=ADC_SAMPLETIME_32CYCLES_5
ADC1.SamplingTime-3\#ChannelRegularConversion=ADC_SAMPLETIME_32CYCLES_5
ADC1.SamplingTime-4\#ChannelRegularConversion=ADC_SAMPLETIME_32CYCLES_5
ADC1.SamplingTime-5\#ChannelRegularConversion=ADC_SAMPLETIME_32CYCLES_5
ADC1.SamplingTime-6\#ChannelRegularConversion=ADC_SAMPLETIME_32CYCLES_5
ADC1.SamplingTime-7\#ChannelRegularConversion=ADC_SAMPLETIME_32CYCLES_5
ADC1.SamplingTime-8\#ChannelRegularConversion=ADC_SAMPLETIME_32CYCLES_5
ADC1.SamplingTime-9\#ChannelRegularConversion=ADC_SAMPLETIME_32CYCLES_5
ADC1.ScanConvMode=ADC_SCAN_ENABLE
ADC1.master=1
CORTEX_M7.CPU_DCache=Enabled
CORTEX_M7.CPU_ICache=Enabled
CORTEX_M7.IPParameters=CPU_ICache,CPU_DCache
DAC1.DAC_Channel-DAC_OUT2=DAC_CHANNEL_2
DAC1.IPParameters=DAC_Channel-DAC_OUT2
Dma.ADC1.0.Direction=DMA_PERIPH_TO_MEMORY
Dma.ADC1.0.EventEnable=DISABLE
Dma.ADC1.0.FIFOMode=DMA_FIFOMODE_ENABLE
Dma.ADC1.0.FIFOThreshold=DMA_FIFO_THRESHOLD_FULL
Dma.ADC1.0.Instance=DMA1_Stream2
Dma.ADC1.0.MemBurst=DMA_MBURST_SINGLE
Dma.ADC1.0.MemDataAlignment=DMA_MDATAALIGN_HALFWORD
Dma.ADC1.0.MemInc=DMA_MINC_ENABLE
Dma.ADC1.0.Mode=DMA_CIRCULAR
Dma.ADC1.0.PeriphBurst=DMA_PBURST_SINGLE
Dma.ADC1.0.PeriphDataAlignment=DMA_PDATAALIGN_HALFWORD
Dma.ADC1.0.PeriphInc=DMA_PINC_DISABLE
Dma.ADC1.0.Polarity=HAL_DMAMUX_REQ_GEN_RISING
Dma.ADC1.0.Priority=DMA_PRIORITY_MEDIUM
Dma.ADC1.0.RequestNumber=1
Dma.ADC1.0.RequestParameters=Instance,Direction,PeriphInc,MemInc,PeriphDataAlignment,MemDataAlignment,Mode,Priority,FIFOMode,FIFOThreshold,MemBurst,PeriphBurst,Polarity,RequestNumber,SyncPolarity,SyncEnable,EventEnable,SyncRequestNumber
Dma.ADC1.0.SyncEnable=DISABLE
Dma.ADC1.0.SyncPolarity=HAL_DMAMUX_SYNC_NO_EVENT
Dma.ADC1.0.SyncRequestNumber=1
Dma.Request0=ADC1
Dma.Request1=SAI1_A
Dma.Request2=SAI1_B
Dma.RequestsNb=3
Dma.SAI1_A.1.Direction=DMA_MEMORY_TO_PERIPH
Dma.SAI1_A.1.EventEnable=DISABLE
Dma.SAI1_A.1.FIFOMode=DMA_FIFOMODE_ENABLE
Dma.SAI1_A.1.FIFOThreshold=DMA_FIFO_THRESHOLD_FULL
Dma.SAI1_A.1.Instance=DMA2_Stream6
Dma.SAI1_A.1.MemBurst=DMA_MBURST_SINGLE
Dma.SAI1_A.1.MemDataAlignment=DMA_MDATAALIGN_WORD
Dma.SAI1_A.1.MemInc=DMA_MINC_ENABLE
Dma.SAI1_A.1.Mode=DMA_CIRCULAR
Dma.SAI1_A.1.PeriphBurst=DMA_PBURST_SINGLE
Dma.SAI1_A.1.PeriphDataAlignment=DMA_PDATAALIGN_WORD
Dma.SAI1_A.1.PeriphInc=DMA_PINC_DISABLE
Dma.SAI1_A.1.Polarity=HAL_DMAMUX_REQ_GEN_RISING
Dma.SAI1_A.1.Priority=DMA_PRIORITY_VERY_HIGH
Dma.SAI1_A.1.RequestNumber=1
Dma.SAI1_A.1.RequestParameters=Instance,Direction,PeriphInc,MemInc,PeriphDataAlignment,MemDataAlignment,Mode,Priority,FIFOMode,FIFOThreshold,MemBurst,PeriphBurst,Polarity,RequestNumber,SyncPolarity,SyncEnable,EventEnable,SyncRequestNumber
Dma.SAI1_A.1.SyncEnable=DISABLE
Dma.SAI1_A.1.SyncPolarity=HAL_DMAMUX_SYNC_NO_EVENT
Dma.SAI1_A.1.SyncRequestNumber=1
Dma.SAI1_B.2.Direction=DMA_PERIPH_TO_MEMORY
Dma.SAI1_B.2.EventEnable=DISABLE
Dma.SAI1_B.2.FIFOMode=DMA_FIFOMODE_ENABLE
Dma.SAI1_B.2.FIFOThreshold=DMA_FIFO_THRESHOLD_FULL
Dma.SAI1_B.2.Instance=DMA2_Stream7
Dma.SAI1_B.2.MemBurst=DMA_MBURST_SINGLE
Dma.SAI1_B.2.MemDataAlignment=DMA_MDATAALIGN_WORD
Dma.SAI1_B.2.MemInc=DMA_MINC_ENABLE
Dma.SAI1_B.2.Mode=DMA_CIRCULAR
Dma.SAI1_B.2.PeriphBurst=DMA_PBURST_SINGLE
Dma.SAI1_B.2.PeriphDataAlignment=DMA_PDATAALIGN_WORD
Dma.SAI1_B.2.PeriphInc=DMA_PINC_DISABLE
Dma.SAI1_B.2.Polarity=HAL_DMAMUX_REQ_GEN_RISING
Dma.SAI1_B.2.Priority=DMA_PRIORITY_VERY_HIGH
Dma.SAI1_B.2.RequestNumber=1
Dma.SAI1_B.2.RequestParameters=Instance,Direction,PeriphInc,MemInc,PeriphDataAlignment,MemDataAlignment,Mode,Priority,FIFOMode,FIFOThreshold,MemBurst,PeriphBurst,Polarity,RequestNumber,SyncPolarity,SyncEnable,EventEnable,SyncRequestNumber
Dma.SAI1_B.2.SyncEnable=DISABLE
Dma.SAI1_B.2.SyncPolarity=HAL_DMAMUX_SYNC_NO_EVENT
Dma.SAI1_B.2.SyncRequestNumber=1
File.Version=6
I2C2.IPParameters=Timing
I2C2.Timing=0x10C0ECFF
KeepUserPlacement=false
Mcu.Family=STM32H7
Mcu.IP0=ADC1
Mcu.IP1=CORTEX_M7
Mcu.IP10=SPI4
Mcu.IP11=SYS
Mcu.IP12=TIM1
Mcu.IP13=TIM3
Mcu.IP2=DAC1
Mcu.IP3=DMA
Mcu.IP4=I2C2
Mcu.IP5=NVIC
Mcu.IP6=QUADSPI
Mcu.IP7=RCC
Mcu.IP8=RNG
Mcu.IP9=SAI1
Mcu.IPNb=14
Mcu.Name=STM32H743VITx
Mcu.Package=LQFP100
Mcu.Pin0=PE2
Mcu.Pin1=PE3
Mcu.Pin10=PA3
Mcu.Pin11=PA4
Mcu.Pin12=PA5
Mcu.Pin13=PA6
Mcu.Pin14=PA7
Mcu.Pin15=PC4
Mcu.Pin16=PC5
Mcu.Pin17=PB0
Mcu.Pin18=PB1
Mcu.Pin19=PB2
Mcu.Pin2=PE4
Mcu.Pin20=PE7
Mcu.Pin21=PE8
Mcu.Pin22=PE9
Mcu.Pin23=PE10
Mcu.Pin24=PE11
Mcu.Pin25=PE12
Mcu.Pin26=PE13
Mcu.Pin27=PE14
Mcu.Pin28=PB10
Mcu.Pin29=PB11
Mcu.Pin3=PE5
Mcu.Pin30=PB12
Mcu.Pin31=PB13
Mcu.Pin32=PB14
Mcu.Pin33=PB15
Mcu.Pin34=PD11
Mcu.Pin35=PD12
Mcu.Pin36=PD13
Mcu.Pin37=PC6
Mcu.Pin38=PC7
Mcu.Pin39=PC8
Mcu.Pin4=PE6
Mcu.Pin40=PC9
Mcu.Pin41=PA8
Mcu.Pin42=PA9
Mcu.Pin43=PA10
Mcu.Pin44=PA11
Mcu.Pin45=PA12
Mcu.Pin46=PA13 (JTMS/SWDIO)
Mcu.Pin47=PA14 (JTCK/SWCLK)
Mcu.Pin48=PC11
Mcu.Pin49=PB3 (JTDO/TRACESWO)
Mcu.Pin5=PH0-OSC_IN (PH0)
Mcu.Pin50=VP_RNG_VS_RNG
Mcu.Pin51=VP_SAI1_VP_$IpInstance_SAIA_SAI_BASIC
Mcu.Pin52=VP_SAI1_VP_$IpInstance_SAIB_SAI_BASIC
Mcu.Pin53=VP_SYS_VS_Systick
Mcu.Pin54=VP_TIM3_VS_ClockSourceINT
Mcu.Pin6=PH1-OSC_OUT (PH1)
Mcu.Pin7=PA0
Mcu.Pin8=PA1
Mcu.Pin9=PA2
Mcu.PinsNb=55
Mcu.ThirdPartyNb=0
Mcu.UserConstants=
Mcu.UserName=STM32H743VITx
MxCube.Version=5.0.0
MxDb.Version=DB.5.0.0
NVIC.BusFault_IRQn=true\:1\:0\:true\:false\:true\:false
NVIC.DMA1_Stream2_IRQn=true\:5\:0\:true\:false\:true\:false
NVIC.DMA2_Stream6_IRQn=true\:2\:0\:true\:false\:true\:false
NVIC.DMA2_Stream7_IRQn=true\:2\:0\:true\:false\:true\:false
NVIC.DebugMonitor_IRQn=true\:0\:0\:true\:false\:true\:false
NVIC.HardFault_IRQn=true\:0\:0\:false\:false\:true\:false
NVIC.MemoryManagement_IRQn=true\:1\:0\:true\:false\:true\:false
NVIC.NonMaskableInt_IRQn=true\:0\:0\:false\:false\:true\:false
NVIC.PendSV_IRQn=true\:0\:0\:false\:false\:true\:false
NVIC.PriorityGroup=NVIC_PRIORITYGROUP_4
NVIC.SVCall_IRQn=true\:1\:0\:true\:false\:true\:false
NVIC.SysTick_IRQn=true\:0\:0\:true\:false\:true\:false
NVIC.UsageFault_IRQn=true\:1\:0\:true\:false\:true\:false
PA0.Locked=true
PA0.Mode=IN16-Single-Ended
PA0.Signal=ADC1_INP16
PA1.Mode=IN17-Single-Ended
PA1.Signal=ADC1_INP17
PA10.Locked=true
PA10.Signal=GPIO_Output
PA11.Locked=true
PA11.Signal=GPIO_Output
PA12.Locked=true
PA12.Signal=GPIO_Output
PA13\ (JTMS/SWDIO).Locked=true
PA13\ (JTMS/SWDIO).Mode=Trace_Asynchronous_SW
PA13\ (JTMS/SWDIO).Signal=SYS_JTMS-SWDIO
PA14\ (JTCK/SWCLK).Mode=Trace_Asynchronous_SW
PA14\ (JTCK/SWCLK).Signal=SYS_JTCK-SWCLK
PA2.Locked=true
PA2.Signal=ADCx_INP14
PA3.Signal=ADCx_INP15
PA4.Locked=true
PA4.Signal=SharedAnalog_PA4
PA5.Locked=true
PA5.Signal=SharedAnalog_PA5
PA6.Signal=ADCx_INP3
PA7.Signal=ADCx_INP7
PA8.Locked=true
PA8.Signal=S_TIM1_CH1
PA9.Locked=true
PA9.Signal=S_TIM1_CH2
PB0.Locked=true
PB0.Signal=ADCx_INP9
PB1.Locked=true
PB1.Signal=ADCx_INP5
PB10.GPIOParameters=GPIO_Speed
PB10.GPIO_Speed=GPIO_SPEED_FREQ_MEDIUM
PB10.Locked=true
PB10.Mode=I2C
PB10.Signal=I2C2_SCL
PB11.GPIOParameters=GPIO_Speed
PB11.GPIO_Speed=GPIO_SPEED_FREQ_MEDIUM
PB11.Locked=true
PB11.Mode=I2C
PB11.Signal=I2C2_SDA
PB12.GPIOParameters=GPIO_PuPd
PB12.GPIO_PuPd=GPIO_PULLUP
PB12.Locked=true
PB12.Signal=GPIO_Input
PB13.Locked=true
PB13.Signal=GPIO_Input
PB14.Locked=true
PB14.Signal=GPIO_Output
PB15.Locked=true
PB15.Signal=GPIO_Output
PB2.GPIOParameters=GPIO_Speed
PB2.GPIO_Speed=GPIO_SPEED_FREQ_HIGH
PB2.Mode=Single Bank 2
PB2.Signal=QUADSPI_CLK
PB3\ (JTDO/TRACESWO).Mode=Trace_Asynchronous_SW
PB3\ (JTDO/TRACESWO).Signal=SYS_JTDO-SWO
PC11.GPIOParameters=GPIO_Speed
PC11.GPIO_Speed=GPIO_SPEED_FREQ_HIGH
PC11.Mode=Single Bank 2
PC11.Signal=QUADSPI_BK2_NCS
PC4.Signal=ADCx_INP4
PC5.Signal=ADCx_INP8
PC6.GPIOParameters=GPIO_PuPd
PC6.GPIO_PuPd=GPIO_PULLUP
PC6.Locked=true
PC6.Signal=GPIO_Input
PC7.GPIOParameters=GPIO_PuPd
PC7.GPIO_PuPd=GPIO_PULLUP
PC7.Locked=true
PC7.Signal=GPIO_Input
PC8.GPIOParameters=GPIO_PuPd
PC8.GPIO_PuPd=GPIO_PULLUP
PC8.Locked=true
PC8.Signal=GPIO_Input
PC9.Locked=true
PC9.Signal=S_TIM3_CH4
PCC.Battery=Alkaline(AA LR6)
PCC.Battery.Capacity=2850.0
PCC.Battery.Compatibility=Yes
PCC.Battery.InParallel=1
PCC.Battery.InSeries=1
PCC.Battery.MaxContinuous=1000.0
PCC.Battery.MaxPulseCurrent=0.0
PCC.Battery.NominalVoltage=1.5
PCC.Battery.SelfDischarge=0.3
PCC.Checker=false
PCC.Line=STM32H743/753
PCC.MCU=STM32H743VITx
PCC.PartNumber=STM32H743VITx
PCC.Seq0=0
PCC.Series=STM32H7
PCC.Temperature=25
PCC.Vdd=3.0
PD11.Locked=true
PD11.Signal=GPIO_Input
PD12.Locked=true
PD12.Signal=GPIO_Input
PD13.GPIOParameters=GPIO_PuPd
PD13.GPIO_PuPd=GPIO_PULLUP
PD13.Locked=true
PD13.Signal=GPIO_Input
PE10.GPIOParameters=GPIO_Speed
PE10.GPIO_Speed=GPIO_SPEED_FREQ_HIGH
PE10.Mode=Single Bank 2
PE10.Signal=QUADSPI_BK2_IO3
PE11.GPIOParameters=GPIO_Speed
PE11.GPIO_Speed=GPIO_SPEED_FREQ_HIGH
PE11.Mode=NSS_Signal_Hard_Output
PE11.Signal=SPI4_NSS
PE12.GPIOParameters=GPIO_Speed
PE12.GPIO_Speed=GPIO_SPEED_FREQ_HIGH
PE12.Mode=Full_Duplex_Master
PE12.Signal=SPI4_SCK
PE13.GPIOParameters=GPIO_Speed
PE13.GPIO_Speed=GPIO_SPEED_FREQ_HIGH
PE13.Mode=Full_Duplex_Master
PE13.Signal=SPI4_MISO
PE14.GPIOParameters=GPIO_Speed
PE14.GPIO_Speed=GPIO_SPEED_FREQ_HIGH
PE14.Mode=Full_Duplex_Master
PE14.Signal=SPI4_MOSI
PE2.GPIOParameters=GPIO_Speed
PE2.GPIO_Speed=GPIO_SPEED_FREQ_VERY_HIGH
PE2.Mode=SAI_A_MasterWithClock
PE2.Signal=SAI1_MCLK_A
PE3.GPIOParameters=GPIO_Speed
PE3.GPIO_Speed=GPIO_SPEED_FREQ_VERY_HIGH
PE3.Mode=SAI_B_SyncSlave
PE3.Signal=SAI1_SD_B
PE4.GPIOParameters=GPIO_Speed
PE4.GPIO_Speed=GPIO_SPEED_FREQ_VERY_HIGH
PE4.Mode=SAI_A_MasterWithClock
PE4.Signal=SAI1_FS_A
PE5.GPIOParameters=GPIO_Speed
PE5.GPIO_Speed=GPIO_SPEED_FREQ_VERY_HIGH
PE5.Mode=SAI_A_MasterWithClock
PE5.Signal=SAI1_SCK_A
PE6.GPIOParameters=GPIO_Speed
PE6.GPIO_Speed=GPIO_SPEED_FREQ_VERY_HIGH
PE6.Mode=SAI_A_MasterWithClock
PE6.Signal=SAI1_SD_A
PE7.GPIOParameters=GPIO_Speed
PE7.GPIO_Speed=GPIO_SPEED_FREQ_HIGH
PE7.Mode=Single Bank 2
PE7.Signal=QUADSPI_BK2_IO0
PE8.GPIOParameters=GPIO_Speed
PE8.GPIO_Speed=GPIO_SPEED_FREQ_HIGH
PE8.Mode=Single Bank 2
PE8.Signal=QUADSPI_BK2_IO1
PE9.GPIOParameters=GPIO_Speed
PE9.GPIO_Speed=GPIO_SPEED_FREQ_HIGH
PE9.Mode=Single Bank 2
PE9.Signal=QUADSPI_BK2_IO2
PH0-OSC_IN\ (PH0).Mode=HSE-External-Oscillator
PH0-OSC_IN\ (PH0).Signal=RCC_OSC_IN
PH1-OSC_OUT\ (PH1).Mode=HSE-External-Oscillator
PH1-OSC_OUT\ (PH1).Signal=RCC_OSC_OUT
PinOutPanel.RotationAngle=0
ProjectManager.AskForMigrate=true
ProjectManager.BackupPrevious=false
ProjectManager.CompilerOptimize=3
ProjectManager.ComputerToolchain=false
ProjectManager.CoupleFile=true
ProjectManager.CustomerFirmwarePackage=
ProjectManager.DefaultFWLocation=true
ProjectManager.DeletePrevious=true
ProjectManager.DeviceId=STM32H743VITx
ProjectManager.FirmwarePackage=STM32Cube FW_H7 V1.3.0
ProjectManager.FreePins=true
ProjectManager.HalAssertFull=true
ProjectManager.HeapSize=0x400
ProjectManager.KeepUserCode=true
ProjectManager.LastFirmware=true
ProjectManager.LibraryCopy=1
ProjectManager.MainLocation=Src
ProjectManager.NoMain=false
ProjectManager.PreviousToolchain=SW4STM32
ProjectManager.ProjectBuild=false
ProjectManager.ProjectFileName=Genera_H7.ioc
ProjectManager.ProjectName=Genera_H7
ProjectManager.StackSize=0x800
ProjectManager.TargetToolchain=SW4STM32
ProjectManager.ToolChainLocation=
ProjectManager.UnderRoot=true
ProjectManager.functionlistsort=1-MX_GPIO_Init-GPIO-false-HAL-true,2-MX_DMA_Init-DMA-false-HAL-true,3-SystemClock_Config-RCC-false-HAL-true,4-MX_ADC1_Init-ADC1-false-HAL-true,5-MX_CORTEX_M7_Init-CORTEX_M7-false-HAL-true,6-MX_I2C2_Init-I2C2-false-HAL-true,7-MX_QUADSPI_Init-QUADSPI-false-HAL-true,8-MX_RNG_Init-RNG-false-HAL-true,9-MX_SAI1_Init-SAI1-false-HAL-true,10-MX_SPI4_Init-SPI4-false-HAL-true,11-MX_TIM3_Init-TIM3-false-HAL-true,12-MX_DAC1_Init-DAC1-false-HAL-true,13-MX_TIM1_Init-TIM1-false-HAL-true
RCC.ADCCLockSelection=RCC_ADCCLKSOURCE_CLKP
RCC.ADCFreq_Value=64000000
RCC.AHB12Freq_Value=200000000
RCC.AHB4Freq_Value=200000000
RCC.APB1Freq_Value=100000000
RCC.APB2Freq_Value=100000000
RCC.APB3Freq_Value=100000000
RCC.APB4Freq_Value=100000000
RCC.AXIClockFreq_Value=200000000
RCC.CECFreq_Value=32000
RCC.CKPERFreq_Value=64000000
RCC.CPU2Freq_Value=200000000
RCC.CPU2SystikFreq_Value=200000000
RCC.CortexFreq_Value=400000000
RCC.CpuClockFreq_Value=400000000
RCC.D1CPREFreq_Value=400000000
RCC.D1PPRE=RCC_APB3_DIV2
RCC.D2PPRE1=RCC_APB1_DIV2
RCC.D2PPRE2=RCC_APB2_DIV2
RCC.D3PPRE=RCC_APB4_DIV2
RCC.DFSDMACLkFreq_Value=49142857.14285714
RCC.DFSDMFreq_Value=100000000
RCC.DIVM1=4
RCC.DIVM2=25
RCC.DIVM3=25
RCC.DIVN1=128
RCC.DIVN2=344
RCC.DIVN3=192
RCC.DIVP1Freq_Value=400000000
RCC.DIVP2=7
RCC.DIVP2Freq_Value=49142857.14285714
RCC.DIVP3=4
RCC.DIVP3Freq_Value=48000000
RCC.DIVQ1Freq_Value=400000000
RCC.DIVQ2Freq_Value=172000000
RCC.DIVQ3=4
RCC.DIVQ3Freq_Value=48000000
RCC.DIVR1Freq_Value=400000000
RCC.DIVR2Freq_Value=172000000
RCC.DIVR3Freq_Value=96000000
RCC.FDCANFreq_Value=400000000
RCC.FMCFreq_Value=200000000
RCC.FamilyName=M
RCC.HCLK3ClockFreq_Value=200000000
RCC.HCLKFreq_Value=200000000
RCC.HPRE=RCC_HCLK_DIV2
RCC.HRTIMFreq_Value=200000000
RCC.I2C123Freq_Value=100000000
RCC.I2C4Freq_Value=100000000
RCC.IPParameters=ADCCLockSelection,ADCFreq_Value,AHB12Freq_Value,AHB4Freq_Value,APB1Freq_Value,APB2Freq_Value,APB3Freq_Value,APB4Freq_Value,AXIClockFreq_Value,CECFreq_Value,CKPERFreq_Value,CPU2Freq_Value,CPU2SystikFreq_Value,CortexFreq_Value,CpuClockFreq_Value,D1CPREFreq_Value,D1PPRE,D2PPRE1,D2PPRE2,D3PPRE,DFSDMACLkFreq_Value,DFSDMFreq_Value,DIVM1,DIVM2,DIVM3,DIVN1,DIVN2,DIVN3,DIVP1Freq_Value,DIVP2,DIVP2Freq_Value,DIVP3,DIVP3Freq_Value,DIVQ1Freq_Value,DIVQ2Freq_Value,DIVQ3,DIVQ3Freq_Value,DIVR1Freq_Value,DIVR2Freq_Value,DIVR3Freq_Value,FDCANFreq_Value,FMCFreq_Value,FamilyName,HCLK3ClockFreq_Value,HCLKFreq_Value,HPRE,HRTIMFreq_Value,I2C123Freq_Value,I2C4Freq_Value,LPTIM1Freq_Value,LPTIM2Freq_Value,LPTIM345Freq_Value,LPUART1Freq_Value,LTDCFreq_Value,MCO1PinFreq_Value,MCO2PinFreq_Value,PLLSourceVirtual,QSPIFreq_Value,RNGFreq_Value,RTCFreq_Value,SAI1CLockSelection,SAI1Freq_Value,SAI23Freq_Value,SAI4AFreq_Value,SAI4BFreq_Value,SDMMCFreq_Value,SPDIFRXFreq_Value,SPI123Freq_Value,SPI45Freq_Value,SPI6Freq_Value,SWPMI1Freq_Value,SYSCLKFreq_VALUE,SYSCLKSource,Tim1OutputFreq_Value,Tim2OutputFreq_Value,TraceFreq_Value,USART16Freq_Value,USART234578Freq_Value,USBCLockSelection,USBFreq_Value,VCO1OutputFreq_Value,VCO2OutputFreq_Value,VCO3OutputFreq_Value,VCOInput1Freq_Value,VCOInput2Freq_Value,VCOInput3Freq_Value
RCC.LPTIM1Freq_Value=100000000
RCC.LPTIM2Freq_Value=100000000
RCC.LPTIM345Freq_Value=100000000
RCC.LPUART1Freq_Value=100000000
RCC.LTDCFreq_Value=96000000
RCC.MCO1PinFreq_Value=64000000
RCC.MCO2PinFreq_Value=400000000
RCC.PLLSourceVirtual=RCC_PLLSOURCE_HSE
RCC.QSPIFreq_Value=200000000
RCC.RNGFreq_Value=48000000
RCC.RTCFreq_Value=32000
RCC.SAI1CLockSelection=RCC_SAI1CLKSOURCE_PLL2
RCC.SAI1Freq_Value=49142857.14285714
RCC.SAI23Freq_Value=400000000
RCC.SAI4AFreq_Value=400000000
RCC.SAI4BFreq_Value=400000000
RCC.SDMMCFreq_Value=400000000
RCC.SPDIFRXFreq_Value=400000000
RCC.SPI123Freq_Value=400000000
RCC.SPI45Freq_Value=100000000
RCC.SPI6Freq_Value=100000000
RCC.SWPMI1Freq_Value=100000000
RCC.SYSCLKFreq_VALUE=400000000
RCC.SYSCLKSource=RCC_SYSCLKSOURCE_PLLCLK
RCC.Tim1OutputFreq_Value=200000000
RCC.Tim2OutputFreq_Value=200000000
RCC.TraceFreq_Value=400000000
RCC.USART16Freq_Value=100000000
RCC.USART234578Freq_Value=100000000
RCC.USBCLockSelection=RCC_USBCLKSOURCE_PLL3
RCC.USBFreq_Value=48000000
RCC.VCO1OutputFreq_Value=800000000
RCC.VCO2OutputFreq_Value=344000000
RCC.VCO3OutputFreq_Value=192000000
RCC.VCOInput1Freq_Value=6250000
RCC.VCOInput2Freq_Value=1000000
RCC.VCOInput3Freq_Value=1000000
SAI1.AudioFrequency-SAI_A_MasterWithClock=SAI_AUDIO_FREQUENCY_48K
SAI1.BasicDataSize-SAI_A_MasterWithClock=SAI_PROTOCOL_DATASIZE_32BIT
SAI1.BasicDataSize-SAI_B_SyncSlave=SAI_PROTOCOL_DATASIZE_32BIT
SAI1.ErrorAudioFreq-SAI_A_MasterWithClock=-0.01 %
SAI1.FIFOThreshold-SAI_A_MasterWithClock=SAI_FIFOTHRESHOLD_FULL
SAI1.FIFOThreshold-SAI_B_SyncSlave=SAI_FIFOTHRESHOLD_FULL
SAI1.IPParameters=Instance-SAI_A_MasterWithClock,VirtualMode-SAI_A_MasterWithClock,Synchro-SAI_A_MasterWithClock,MClockEnable,RealAudioFreq-SAI_A_MasterWithClock,ErrorAudioFreq-SAI_A_MasterWithClock,InitProtocol-SAI_A_MasterWithClock,VirtualProtocol-SAI_A_BASIC,Instance-SAI_B_SyncSlave,VirtualMode-SAI_B_SyncSlave,Synchro-SAI_B_SyncSlave,InitProtocol-SAI_B_SyncSlave,VirtualProtocol-SAI_B_BASIC,AudioFrequency-SAI_A_MasterWithClock,FIFOThreshold-SAI_A_MasterWithClock,FIFOThreshold-SAI_B_SyncSlave,BasicDataSize-SAI_A_MasterWithClock,BasicDataSize-SAI_B_SyncSlave
SAI1.InitProtocol-SAI_A_MasterWithClock=Enable
SAI1.InitProtocol-SAI_B_SyncSlave=Enable
SAI1.Instance-SAI_A_MasterWithClock=SAI$Index_Block_A
SAI1.Instance-SAI_B_SyncSlave=SAI$Index_Block_B
SAI1.MClockEnable=SAI_MASTERCLOCK_ENABLE
SAI1.RealAudioFreq-SAI_A_MasterWithClock=47.991 KHz
SAI1.Synchro-SAI_A_MasterWithClock=SAI_ASYNCHRONOUS
SAI1.Synchro-SAI_B_SyncSlave=SAI_SYNCHRONOUS
SAI1.VirtualMode-SAI_A_MasterWithClock=VM_MASTER
SAI1.VirtualMode-SAI_B_SyncSlave=VM_SLAVE
SAI1.VirtualProtocol-SAI_A_BASIC=VM_BASIC_PROTOCOL
SAI1.VirtualProtocol-SAI_B_BASIC=VM_BASIC_PROTOCOL
SH.ADCx_INP14.0=ADC1_INP14,IN14-Single-Ended
SH.ADCx_INP14.ConfNb=1
SH.ADCx_INP15.0=ADC1_INP15,IN15-Single-Ended
SH.ADCx_INP15.ConfNb=1
SH.ADCx_INP3.0=ADC1_INP3,IN3-Single-Ended
SH.ADCx_INP3.ConfNb=1
SH.ADCx_INP4.0=ADC1_INP4,IN4-Single-Ended
SH.ADCx_INP4.ConfNb=1
SH.ADCx_INP5.0=ADC1_INP5,IN5-Single-Ended
SH.ADCx_INP5.ConfNb=1
SH.ADCx_INP7.0=ADC1_INP7,IN7-Single-Ended
SH.ADCx_INP7.ConfNb=1
SH.ADCx_INP8.0=ADC1_INP8,IN8-Single-Ended
SH.ADCx_INP8.ConfNb=1
SH.ADCx_INP9.0=ADC1_INP9,IN9-Single-Ended
SH.ADCx_INP9.ConfNb=1
SH.S_TIM1_CH1.0=TIM1_CH1,PWM Generation1 CH1
SH.S_TIM1_CH1.ConfNb=1
SH.S_TIM1_CH2.0=TIM1_CH2,PWM Generation2 CH2
SH.S_TIM1_CH2.ConfNb=1
SH.S_TIM3_CH4.0=TIM3_CH4,PWM Generation4 CH4
SH.S_TIM3_CH4.ConfNb=1
SH.SharedAnalog_PA4.0=ADC1_INP18,IN18-Single-Ended
SH.SharedAnalog_PA4.1=DAC1_OUT1,DAC_OUT1
SH.SharedAnalog_PA4.ConfNb=2
SH.SharedAnalog_PA5.0=ADC1_INP19,IN19-Single-Ended
SH.SharedAnalog_PA5.1=DAC1_OUT2,DAC_OUT2
SH.SharedAnalog_PA5.ConfNb=2
SPI4.BaudRatePrescaler=SPI_BAUDRATEPRESCALER_2
SPI4.CalculateBaudRate=50.0 MBits/s
SPI4.Direction=SPI_DIRECTION_2LINES
SPI4.IPParameters=VirtualType,Mode,Direction,CalculateBaudRate,VirtualNSS,BaudRatePrescaler
SPI4.Mode=SPI_MODE_MASTER
SPI4.VirtualNSS=VM_NSSHARD
SPI4.VirtualType=VM_MASTER
TIM1.Channel-PWM\ Generation1\ CH1=TIM_CHANNEL_1
TIM1.Channel-PWM\ Generation2\ CH2=TIM_CHANNEL_2
TIM1.IPParameters=Channel-PWM Generation1 CH1,Channel-PWM Generation2 CH2,Period
TIM1.Period=16383
TIM3.Channel-PWM\ Generation4\ CH4=TIM_CHANNEL_4
TIM3.ClockDivision=TIM_CLOCKDIVISION_DIV1
TIM3.IPParameters=ClockDivision,Prescaler,Period,Channel-PWM Generation4 CH4
TIM3.Period=16383
TIM3.Prescaler=0
VP_RNG_VS_RNG.Mode=RNG_Activate
VP_RNG_VS_RNG.Signal=RNG_VS_RNG
VP_SAI1_VP_$IpInstance_SAIA_SAI_BASIC.Mode=SAI_A_BASIC
VP_SAI1_VP_$IpInstance_SAIA_SAI_BASIC.Signal=SAI1_VP_$IpInstance_SAIA_SAI_BASIC
VP_SAI1_VP_$IpInstance_SAIB_SAI_BASIC.Mode=SAI_B_BASIC
VP_SAI1_VP_$IpInstance_SAIB_SAI_BASIC.Signal=SAI1_VP_$IpInstance_SAIB_SAI_BASIC
VP_SYS_VS_Systick.Mode=SysTick
VP_SYS_VS_Systick.Signal=SYS_VS_Systick
VP_TIM3_VS_ClockSourceINT.Mode=Internal
VP_TIM3_VS_ClockSourceINT.Signal=TIM3_VS_ClockSourceINT
board=H7-cube
